// !$*UTF8*$!
{
	archiveVersion = 1;
	classes = {
	};
	objectVersion = 48;
	objects = {

/* Begin PBXBuildFile section */
		27332116208F71BE00A9D607 /* AppDelegate.m in Sources */ = {isa = PBXBuildFile; fileRef = 27332115208F71BE00A9D607 /* AppDelegate.m */; };
		27332119208F71BE00A9D607 /* ViewController.m in Sources */ = {isa = PBXBuildFile; fileRef = 27332118208F71BE00A9D607 /* ViewController.m */; };
		2733211C208F71BE00A9D607 /* Main.storyboard in Resources */ = {isa = PBXBuildFile; fileRef = 2733211A208F71BE00A9D607 /* Main.storyboard */; };
		2733211E208F71BE00A9D607 /* Assets.xcassets in Resources */ = {isa = PBXBuildFile; fileRef = 2733211D208F71BE00A9D607 /* Assets.xcassets */; };
		27332121208F71BE00A9D607 /* LaunchScreen.storyboard in Resources */ = {isa = PBXBuildFile; fileRef = 2733211F208F71BE00A9D607 /* LaunchScreen.storyboard */; };
		27332124208F71BE00A9D607 /* main.m in Sources */ = {isa = PBXBuildFile; fileRef = 27332123208F71BE00A9D607 /* main.m */; };
		2733212C208F71F900A9D607 /* Todo.m in Sources */ = {isa = PBXBuildFile; fileRef = 2733212B208F71F900A9D607 /* Todo.m */; };
		2733212F208F758A00A9D607 /* TodoTableViewCell.m in Sources */ = {isa = PBXBuildFile; fileRef = 2733212E208F758A00A9D607 /* TodoTableViewCell.m */; };
/* End PBXBuildFile section */

/* Begin PBXFileReference section */
		27332111208F71BE00A9D607 /* EveryDo.app */ = {isa = PBXFileReference; explicitFileType = wrapper.application; includeInIndex = 0; path = EveryDo.app; sourceTree = BUILT_PRODUCTS_DIR; };
		27332114208F71BE00A9D607 /* AppDelegate.h */ = {isa = PBXFileReference; lastKnownFileType = sourcecode.c.h; path = AppDelegate.h; sourceTree = "<group>"; };
		27332115208F71BE00A9D607 /* AppDelegate.m */ = {isa = PBXFileReference; lastKnownFileType = sourcecode.c.objc; path = AppDelegate.m; sourceTree = "<group>"; };
		27332117208F71BE00A9D607 /* ViewController.h */ = {isa = PBXFileReference; lastKnownFileType = sourcecode.c.h; path = ViewController.h; sourceTree = "<group>"; };
		27332118208F71BE00A9D607 /* ViewController.m */ = {isa = PBXFileReference; lastKnownFileType = sourcecode.c.objc; path = ViewController.m; sourceTree = "<group>"; };
		2733211B208F71BE00A9D607 /* Base */ = {isa = PBXFileReference; lastKnownFileType = file.storyboard; name = Base; path = Base.lproj/Main.storyboard; sourceTree = "<group>"; };
		2733211D208F71BE00A9D607 /* Assets.xcassets */ = {isa = PBXFileReference; lastKnownFileType = folder.assetcatalog; path = Assets.xcassets; sourceTree = "<group>"; };
		27332120208F71BE00A9D607 /* Base */ = {isa = PBXFileReference; lastKnownFileType = file.storyboard; name = Base; path = Base.lproj/LaunchScreen.storyboard; sourceTree = "<group>"; };
		27332122208F71BE00A9D607 /* Info.plist */ = {isa = PBXFileReference; lastKnownFileType = text.plist.xml; path = Info.plist; sourceTree = "<group>"; };
		27332123208F71BE00A9D607 /* main.m */ = {isa = PBXFileReference; lastKnownFileType = sourcecode.c.objc; path = main.m; sourceTree = "<group>"; };
		2733212A208F71F900A9D607 /* Todo.h */ = {isa = PBXFileReference; lastKnownFileType = sourcecode.c.h; path = Todo.h; sourceTree = "<group>"; };
		2733212B208F71F900A9D607 /* Todo.m */ = {isa = PBXFileReference; lastKnownFileType = sourcecode.c.objc; path = Todo.m; sourceTree = "<group>"; };
		2733212D208F758A00A9D607 /* TodoTableViewCell.h */ = {isa = PBXFileReference; lastKnownFileType = sourcecode.c.h; path = TodoTableViewCell.h; sourceTree = "<group>"; };
		2733212E208F758A00A9D607 /* TodoTableViewCell.m */ = {isa = PBXFileReference; lastKnownFileType = sourcecode.c.objc; path = TodoTableViewCell.m; sourceTree = "<group>"; };
/* End PBXFileReference section */

/* Begin PBXFrameworksBuildPhase section */
		2733210E208F71BE00A9D607 /* Frameworks */ = {
			isa = PBXFrameworksBuildPhase;
			buildActionMask = 2147483647;
			files = (
			);
			runOnlyForDeploymentPostprocessing = 0;
		};
/* End PBXFrameworksBuildPhase section */

/* Begin PBXGroup section */
		27332108208F71BE00A9D607 = {
			isa = PBXGroup;
			children = (
				27332113208F71BE00A9D607 /* EveryDo */,
				27332112208F71BE00A9D607 /* Products */,
			);
			sourceTree = "<group>";
		};
		27332112208F71BE00A9D607 /* Products */ = {
			isa = PBXGroup;
			children = (
				27332111208F71BE00A9D607 /* EveryDo.app */,
			);
			name = Products;
			sourceTree = "<group>";
		};
		27332113208F71BE00A9D607 /* EveryDo */ = {
			isa = PBXGroup;
			children = (
				2733212A208F71F900A9D607 /* Todo.h */,
				2733212B208F71F900A9D607 /* Todo.m */,
				27332114208F71BE00A9D607 /* AppDelegate.h */,
				27332115208F71BE00A9D607 /* AppDelegate.m */,
				27332117208F71BE00A9D607 /* ViewController.h */,
				27332118208F71BE00A9D607 /* ViewController.m */,
				2733211A208F71BE00A9D607 /* Main.storyboard */,
				2733212D208F758A00A9D607 /* TodoTableViewCell.h */,
				2733212E208F758A00A9D607 /* TodoTableViewCell.m */,
				2733211D208F71BE00A9D607 /* Assets.xcassets */,
				2733211F208F71BE00A9D607 /* LaunchScreen.storyboard */,
				27332122208F71BE00A9D607 /* Info.plist */,
				27332123208F71BE00A9D607 /* main.m */,
			);
			path = EveryDo;
			sourceTree = "<group>";
		};
/* End PBXGroup section */

/* Begin PBXNativeTarget section */
		27332110208F71BE00A9D607 /* EveryDo */ = {
			isa = PBXNativeTarget;
			buildConfigurationList = 27332127208F71BE00A9D607 /* Build configuration list for PBXNativeTarget "EveryDo" */;
			buildPhases = (
				2733210D208F71BE00A9D607 /* Sources */,
				2733210E208F71BE00A9D607 /* Frameworks */,
				2733210F208F71BE00A9D607 /* Resources */,
			);
			buildRules = (
			);
			dependencies = (
			);
			name = EveryDo;
			productName = EveryDo;
			productReference = 27332111208F71BE00A9D607 /* EveryDo.app */;
			productType = "com.apple.product-type.application";
		};
/* End PBXNativeTarget section */

/* Begin PBXProject section */
		27332109208F71BE00A9D607 /* Project object */ = {
			isa = PBXProject;
			attributes = {
				LastUpgradeCheck = 0920;
				ORGANIZATIONNAME = "Mike Cameron";
				TargetAttributes = {
					27332110208F71BE00A9D607 = {
						CreatedOnToolsVersion = 9.2;
						ProvisioningStyle = Automatic;
					};
				};
			};
			buildConfigurationList = 2733210C208F71BE00A9D607 /* Build configuration list for PBXProject "EveryDo" */;
			compatibilityVersion = "Xcode 8.0";
			developmentRegion = en;
			hasScannedForEncodings = 0;
			knownRegions = (
				en,
				Base,
			);
			mainGroup = 27332108208F71BE00A9D607;
			productRefGroup = 27332112208F71BE00A9D607 /* Products */;
			projectDirPath = "";
			projectRoot = "";
			targets = (
				27332110208F71BE00A9D607 /* EveryDo */,
			);
		};
/* End PBXProject section */

/* Begin PBXResourcesBuildPhase section */
		2733210F208F71BE00A9D607 /* Resources */ = {
			isa = PBXResourcesBuildPhase;
			buildActionMask = 2147483647;
			files = (
				27332121208F71BE00A9D607 /* LaunchScreen.storyboard in Resources */,
				2733211E208F71BE00A9D607 /* Assets.xcassets in Resources */,
				2733211C208F71BE00A9D607 /* Main.storyboard in Resources */,
			);
			runOnlyForDeploymentPostprocessing = 0;
		};
/* End PBXResourcesBuildPhase section */

/* Begin PBXSourcesBuildPhase section */
		2733210D208F71BE00A9D607 /* Sources */ = {
			isa = PBXSourcesBuildPhase;
			buildActionMask = 2147483647;
			files = (
				27332119208F71BE00A9D607 /* ViewController.m in Sources */,
				27332124208F71BE00A9D607 /* main.m in Sources */,
				2733212F208F758A00A9D607 /* TodoTableViewCell.m in Sources */,
				27332116208F71BE00A9D607 /* AppDelegate.m in Sources */,
				2733212C208F71F900A9D607 /* Todo.m in Sources */,
			);
			runOnlyForDeploymentPostprocessing = 0;
		};
/* End PBXSourcesBuildPhase section */

/* Begin PBXVariantGroup section */
		2733211A208F71BE00A9D607 /* Main.storyboard */ = {
			isa = PBXVariantGroup;
			children = (
				2733211B208F71BE00A9D607 /* Base */,
			);
			name = Main.storyboard;
			sourceTree = "<group>";
		};
		2733211F208F71BE00A9D607 /* LaunchScreen.storyboard */ = {
			isa = PBXVariantGroup;
			children = (
				27332120208F71BE00A9D607 /* Base */,
			);
			name = LaunchScreen.storyboard;
			sourceTree = "<group>";
		};
/* End PBXVariantGroup section */

/* Begin XCBuildConfiguration section */
		27332125208F71BE00A9D607 /* Debug */ = {
			isa = XCBuildConfiguration;
			buildSettings = {
				ALWAYS_SEARCH_USER_PATHS = NO;
				CLANG_ANALYZER_NONNULL = YES;
				CLANG_ANALYZER_NUMBER_OBJECT_CONVERSION = YES_AGGRESSIVE;
				CLANG_CXX_LANGUAGE_STANDARD = "gnu++14";
				CLANG_CXX_LIBRARY = "libc++";
				CLANG_ENABLE_MODULES = YES;
				CLANG_ENABLE_OBJC_ARC = YES;
				CLANG_WARN_BLOCK_CAPTURE_AUTORELEASING = YES;
				CLANG_WARN_BOOL_CONVERSION = YES;
				CLANG_WARN_COMMA = YES;
				CLANG_WARN_CONSTANT_CONVERSION = YES;
				CLANG_WARN_DIRECT_OBJC_ISA_USAGE = YES_ERROR;
				CLANG_WARN_DOCUMENTATION_COMMENTS = YES;
				CLANG_WARN_EMPTY_BODY = YES;
				CLANG_WARN_ENUM_CONVERSION = YES;
				CLANG_WARN_INFINITE_RECURSION = YES;
				CLANG_WARN_INT_CONVERSION = YES;
				CLANG_WARN_NON_LITERAL_NULL_CONVERSION = YES;
				CLANG_WARN_OBJC_LITERAL_CONVERSION = YES;
				CLANG_WARN_OBJC_ROOT_CLASS = YES_ERROR;
				CLANG_WARN_RANGE_LOOP_ANALYSIS = YES;
				CLANG_WARN_STRICT_PROTOTYPES = YES;
				CLANG_WARN_SUSPICIOUS_MOVE = YES;
				CLANG_WARN_UNGUARDED_AVAILABILITY = YES_AGGRESSIVE;
				CLANG_WARN_UNREACHABLE_CODE = YES;
				CLANG_WARN__DUPLICATE_METHOD_MATCH = YES;
				CODE_SIGN_IDENTITY = "iPhone Developer";
				COPY_PHASE_STRIP = NO;
				DEBUG_INFORMATION_FORMAT = dwarf;
				ENABLE_STRICT_OBJC_MSGSEND = YES;
				ENABLE_TESTABILITY = YES;
				GCC_C_LANGUAGE_STANDARD = gnu11;
				GCC_DYNAMIC_NO_PIC = NO;
				GCC_NO_COMMON_BLOCKS = YES;
				GCC_OPTIMIZATION_LEVEL = 0;
				GCC_PREPROCESSOR_DEFINITIONS = (
					"DEBUG=1",
					"$(inherited)",
				);
				GCC_WARN_64_TO_32_BIT_CONVERSION = YES;
				GCC_WARN_ABOUT_RETURN_TYPE = YES_ERROR;
				GCC_WARN_UNDECLARED_SELECTOR = YES;
				GCC_WARN_UNINITIALIZED_AUTOS = YES_AGGRESSIVE;
				GCC_WARN_UNUSED_FUNCTION = YES;
				GCC_WARN_UNUSED_VARIABLE = YES;
				IPHONEOS_DEPLOYMENT_TARGET = 11.2;
				MTL_ENABLE_DEBUG_INFO = YES;
				ONLY_ACTIVE_ARCH = YES;
				SDKROOT = iphoneos;
			};
			name = Debug;
		};
		27332126208F71BE00A9D607 /* Release */ = {
			isa = XCBuildConfiguration;
			buildSettings = {
				ALWAYS_SEARCH_USER_PATHS = NO;
				CLANG_ANALYZER_NONNULL = YES;
				CLANG_ANALYZER_NUMBER_OBJECT_CONVERSION = YES_AGGRESSIVE;
				CLANG_CXX_LANGUAGE_STANDARD = "gnu++14";
				CLANG_CXX_LIBRARY = "libc++";
				CLANG_ENABLE_MODULES = YES;
				CLANG_ENABLE_OBJC_ARC = YES;
				CLANG_WARN_BLOCK_CAPTURE_AUTORELEASING = YES;
				CLANG_WARN_BOOL_CONVERSION = YES;
				CLANG_WARN_COMMA = YES;
				CLANG_WARN_CONSTANT_CONVERSION = YES;
				CLANG_WARN_DIRECT_OBJC_ISA_USAGE = YES_ERROR;
				CLANG_WARN_DOCUMENTATION_COMMENTS = YES;
				CLANG_WARN_EMPTY_BODY = YES;
				CLANG_WARN_ENUM_CONVERSION = YES;
				CLANG_WARN_INFINITE_RECURSION = YES;
				CLANG_WARN_INT_CONVERSION = YES;
				CLANG_WARN_NON_LITERAL_NULL_CONVERSION = YES;
				CLANG_WARN_OBJC_LITERAL_CONVERSION = YES;
				CLANG_WARN_OBJC_ROOT_CLASS = YES_ERROR;
				CLANG_WARN_RANGE_LOOP_ANALYSIS = YES;
				CLANG_WARN_STRICT_PROTOTYPES = YES;
				CLANG_WARN_SUSPICIOUS_MOVE = YES;
				CLANG_WARN_UNGUARDED_AVAILABILITY = YES_AGGRESSIVE;
				CLANG_WARN_UNREACHABLE_CODE = YES;
				CLANG_WARN__DUPLICATE_METHOD_MATCH = YES;
				CODE_SIGN_IDENTITY = "iPhone Developer";
				COPY_PHASE_STRIP = NO;
				DEBUG_INFORMATION_FORMAT = "dwarf-with-dsym";
				ENABLE_NS_ASSERTIONS = NO;
				ENABLE_STRICT_OBJC_MSGSEND = YES;
				GCC_C_LANGUAGE_STANDARD = gnu11;
				GCC_NO_COMMON_BLOCKS = YES;
				GCC_WARN_64_TO_32_BIT_CONVERSION = YES;
				GCC_WARN_ABOUT_RETURN_TYPE = YES_ERROR;
				GCC_WARN_UNDECLARED_SELECTOR = YES;
				GCC_WARN_UNINITIALIZED_AUTOS = YES_AGGRESSIVE;
				GCC_WARN_UNUSED_FUNCTION = YES;
				GCC_WARN_UNUSED_VARIABLE = YES;
				IPHONEOS_DEPLOYMENT_TARGET = 11.2;
				MTL_ENABLE_DEBUG_INFO = NO;
				SDKROOT = iphoneos;
				VALIDATE_PRODUCT = YES;
			};
			name = Release;
		};
		27332128208F71BE00A9D607 /* Debug */ = {
			isa = XCBuildConfiguration;
			buildSettings = {
				ASSETCATALOG_COMPILER_APPICON_NAME = AppIcon;
				CODE_SIGN_STYLE = Automatic;
				INFOPLIST_FILE = EveryDo/Info.plist;
				LD_RUNPATH_SEARCH_PATHS = "$(inherited) @executable_path/Frameworks";
				PRODUCT_BUNDLE_IDENTIFIER = com.MikeCameron.EveryDo;
				PRODUCT_NAME = "$(TARGET_NAME)";
				TARGETED_DEVICE_FAMILY = "1,2";
			};
			name = Debug;
		};
		27332129208F71BE00A9D607 /* Release */ = {
			isa = XCBuildConfiguration;
			buildSettings = {
				ASSETCATALOG_COMPILER_APPICON_NAME = AppIcon;
				CODE_SIGN_STYLE = Automatic;
				INFOPLIST_FILE = EveryDo/Info.plist;
				LD_RUNPATH_SEARCH_PATHS = "$(inherited) @executable_path/Frameworks";
				PRODUCT_BUNDLE_IDENTIFIER = com.MikeCameron.EveryDo;
				PRODUCT_NAME = "$(TARGET_NAME)";
				TARGETED_DEVICE_FAMILY = "1,2";
			};
			name = Release;
		};
/* End XCBuildConfiguration section */

/* Begin XCConfigurationList section */
		2733210C208F71BE00A9D607 /* Build configuration list for PBXProject "EveryDo" */ = {
			isa = XCConfigurationList;
			buildConfigurations = (
				27332125208F71BE00A9D607 /* Debug */,
				27332126208F71BE00A9D607 /* Release */,
			);
			defaultConfigurationIsVisible = 0;
			defaultConfigurationName = Release;
		};
		27332127208F71BE00A9D607 /* Build configuration list for PBXNativeTarget "EveryDo" */ = {
			isa = XCConfigurationList;
			buildConfigurations = (
				27332128208F71BE00A9D607 /* Debug */,
				27332129208F71BE00A9D607 /* Release */,
			);
			defaultConfigurationIsVisible = 0;
			defaultConfigurationName = Release;
		};
/* End XCConfigurationList section */
	};
	rootObject = 27332109208F71BE00A9D607 /* Project object */;
}
